
Microsoft Visual Studio Solution File, Format Version 12.00
# Visual Studio Version 17
VisualStudioVersion = 17.13.35828.75 d17.13
MinimumVisualStudioVersion = 10.0.40219.1
Project("{FAE04EC0-301F-11D3-BF4B-00C04F79EFBC}") = "Lab2_B", "Lab2_B\Lab2_B.csproj", "{45D50001-536F-4C42-9943-28CC15F059F3}"
EndProject
Global
	GlobalSection(SolutionConfigurationPlatforms) = preSolution
		Debug|Any CPU = Debug|Any CPU
		Release|Any CPU = Release|Any CPU
	EndGlobalSection
	GlobalSection(ProjectConfigurationPlatforms) = postSolution
		{45D50001-536F-4C42-9943-28CC15F059F3}.Debug|Any CPU.ActiveCfg = Debug|Any CPU
		{45D50001-536F-4C42-9943-28CC15F059F3}.Debug|Any CPU.Build.0 = Debug|Any CPU
		{45D50001-536F-4C42-9943-28CC15F059F3}.Release|Any CPU.ActiveCfg = Release|Any CPU
		{45D50001-536F-4C42-9943-28CC15F059F3}.Release|Any CPU.Build.0 = Release|Any CPU
	EndGlobalSection
	GlobalSection(SolutionProperties) = preSolution
		HideSolutionNode = FALSE
	EndGlobalSection
	GlobalSection(ExtensibilityGlobals) = postSolution
		SolutionGuid = {9C778705-5547-4DCC-9265-5772E361028E}
	EndGlobalSection
EndGlobal
